
Microsoft Visual Studio Solution File, Format Version 12.00
# Visual Studio Version 17
VisualStudioVersion = 17.8.34525.116
MinimumVisualStudioVersion = 10.0.40219.1
Project("{9A19103F-16F7-4668-BE54-9A1E7A4F7556}") = "BlazorInvoiceApp", "BlazorInvoiceApp.csproj", "{0F58D1D4-2BE6-455F-B25F-F2BF00FBEC70}"
EndProject
Global
	GlobalSection(SolutionConfigurationPlatforms) = preSolution
		Debug|Any CPU = Debug|Any CPU
		Release|Any CPU = Release|Any CPU
	EndGlobalSection
	GlobalSection(ProjectConfigurationPlatforms) = postSolution
		{0F58D1D4-2BE6-455F-B25F-F2BF00FBEC70}.Debug|Any CPU.ActiveCfg = Debug|Any CPU
		{0F58D1D4-2BE6-455F-B25F-F2BF00FBEC70}.Debug|Any CPU.Build.0 = Debug|Any CPU
		{0F58D1D4-2BE6-455F-B25F-F2BF00FBEC70}.Release|Any CPU.ActiveCfg = Release|Any CPU
		{0F58D1D4-2BE6-455F-B25F-F2BF00FBEC70}.Release|Any CPU.Build.0 = Release|Any CPU
	EndGlobalSection
	GlobalSection(SolutionProperties) = preSolution
		HideSolutionNode = FALSE
	EndGlobalSection
	GlobalSection(ExtensibilityGlobals) = postSolution
		SolutionGuid = {8E4B6697-4A56-482C-A690-F131E7D4E512}
	EndGlobalSection
EndGlobal
